
Microsoft Visual Studio Solution File, Format Version 12.00
# Visual Studio 15
VisualStudioVersion = 15.0.26403.7
MinimumVisualStudioVersion = 10.0.40219.1
Project("{FAE04EC0-301F-11D3-BF4B-00C04F79EFBC}") = "SUA", "SUA\SUA.csproj", "{23973D21-EF27-488A-A858-A5D4F76FAB5B}"
EndProject
Project("{FAE04EC0-301F-11D3-BF4B-00C04F79EFBC}") = "SUA.TestProject", "SUA.TestProject\SUA.TestProject.csproj", "{D705B1DD-1F06-4B58-AE10-32353CA4B422}"
EndProject
Project("{FAE04EC0-301F-11D3-BF4B-00C04F79EFBC}") = "SUA.CalendarService", "SUA.CalendarService\SUA.CalendarService.csproj", "{E65C8838-88B6-4328-AEC0-AA5A01F53DA9}"
EndProject
Global
	GlobalSection(SolutionConfigurationPlatforms) = preSolution
		Debug|Any CPU = Debug|Any CPU
		Release|Any CPU = Release|Any CPU
	EndGlobalSection
	GlobalSection(ProjectConfigurationPlatforms) = postSolution
		{23973D21-EF27-488A-A858-A5D4F76FAB5B}.Debug|Any CPU.ActiveCfg = Debug|Any CPU
		{23973D21-EF27-488A-A858-A5D4F76FAB5B}.Debug|Any CPU.Build.0 = Debug|Any CPU
		{23973D21-EF27-488A-A858-A5D4F76FAB5B}.Release|Any CPU.ActiveCfg = Release|Any CPU
		{23973D21-EF27-488A-A858-A5D4F76FAB5B}.Release|Any CPU.Build.0 = Release|Any CPU
		{D705B1DD-1F06-4B58-AE10-32353CA4B422}.Debug|Any CPU.ActiveCfg = Debug|Any CPU
		{D705B1DD-1F06-4B58-AE10-32353CA4B422}.Debug|Any CPU.Build.0 = Debug|Any CPU
		{D705B1DD-1F06-4B58-AE10-32353CA4B422}.Release|Any CPU.ActiveCfg = Release|Any CPU
		{D705B1DD-1F06-4B58-AE10-32353CA4B422}.Release|Any CPU.Build.0 = Release|Any CPU
		{E65C8838-88B6-4328-AEC0-AA5A01F53DA9}.Debug|Any CPU.ActiveCfg = Debug|Any CPU
		{E65C8838-88B6-4328-AEC0-AA5A01F53DA9}.Debug|Any CPU.Build.0 = Debug|Any CPU
		{E65C8838-88B6-4328-AEC0-AA5A01F53DA9}.Release|Any CPU.ActiveCfg = Release|Any CPU
		{E65C8838-88B6-4328-AEC0-AA5A01F53DA9}.Release|Any CPU.Build.0 = Release|Any CPU
	EndGlobalSection
	GlobalSection(SolutionProperties) = preSolution
		HideSolutionNode = FALSE
	EndGlobalSection
EndGlobal
